
Microsoft Visual Studio Solution File, Format Version 12.00
# Visual Studio Version 17
VisualStudioVersion = 17.0.31903.59
MinimumVisualStudioVersion = 10.0.40219.1
Project("{FAE04EC0-301F-11D3-BF4B-00C04F79EFBC}") = "IdleTimeoutConsoleTests", "IdleTimeoutConsoleTests.csproj", "{69C5634E-2378-47C0-BD2E-39955F239C8E}"
EndProject
Project("{FAE04EC0-301F-11D3-BF4B-00C04F79EFBC}") = "FractalGPT.SharpGPTLib", "..\..\FractalGPT.SharpGPTLib\FractalGPT.SharpGPTLib.csproj", "{FE11169A-07D0-461A-A22B-AFFF0272CA3C}"
EndProject
Global
	GlobalSection(SolutionConfigurationPlatforms) = preSolution
		Debug|Any CPU = Debug|Any CPU
		Debug|x64 = Debug|x64
		Debug|x86 = Debug|x86
		Release|Any CPU = Release|Any CPU
		Release|x64 = Release|x64
		Release|x86 = Release|x86
	EndGlobalSection
	GlobalSection(ProjectConfigurationPlatforms) = postSolution
		{69C5634E-2378-47C0-BD2E-39955F239C8E}.Debug|Any CPU.ActiveCfg = Debug|Any CPU
		{69C5634E-2378-47C0-BD2E-39955F239C8E}.Debug|Any CPU.Build.0 = Debug|Any CPU
		{69C5634E-2378-47C0-BD2E-39955F239C8E}.Debug|x64.ActiveCfg = Debug|Any CPU
		{69C5634E-2378-47C0-BD2E-39955F239C8E}.Debug|x64.Build.0 = Debug|Any CPU
		{69C5634E-2378-47C0-BD2E-39955F239C8E}.Debug|x86.ActiveCfg = Debug|Any CPU
		{69C5634E-2378-47C0-BD2E-39955F239C8E}.Debug|x86.Build.0 = Debug|Any CPU
		{69C5634E-2378-47C0-BD2E-39955F239C8E}.Release|Any CPU.ActiveCfg = Release|Any CPU
		{69C5634E-2378-47C0-BD2E-39955F239C8E}.Release|Any CPU.Build.0 = Release|Any CPU
		{69C5634E-2378-47C0-BD2E-39955F239C8E}.Release|x64.ActiveCfg = Release|Any CPU
		{69C5634E-2378-47C0-BD2E-39955F239C8E}.Release|x64.Build.0 = Release|Any CPU
		{69C5634E-2378-47C0-BD2E-39955F239C8E}.Release|x86.ActiveCfg = Release|Any CPU
		{69C5634E-2378-47C0-BD2E-39955F239C8E}.Release|x86.Build.0 = Release|Any CPU
		{FE11169A-07D0-461A-A22B-AFFF0272CA3C}.Debug|Any CPU.ActiveCfg = Debug|Any CPU
		{FE11169A-07D0-461A-A22B-AFFF0272CA3C}.Debug|Any CPU.Build.0 = Debug|Any CPU
		{FE11169A-07D0-461A-A22B-AFFF0272CA3C}.Debug|x64.ActiveCfg = Debug|Any CPU
		{FE11169A-07D0-461A-A22B-AFFF0272CA3C}.Debug|x64.Build.0 = Debug|Any CPU
		{FE11169A-07D0-461A-A22B-AFFF0272CA3C}.Debug|x86.ActiveCfg = Debug|Any CPU
		{FE11169A-07D0-461A-A22B-AFFF0272CA3C}.Debug|x86.Build.0 = Debug|Any CPU
		{FE11169A-07D0-461A-A22B-AFFF0272CA3C}.Release|Any CPU.ActiveCfg = Release|Any CPU
		{FE11169A-07D0-461A-A22B-AFFF0272CA3C}.Release|Any CPU.Build.0 = Release|Any CPU
		{FE11169A-07D0-461A-A22B-AFFF0272CA3C}.Release|x64.ActiveCfg = Release|Any CPU
		{FE11169A-07D0-461A-A22B-AFFF0272CA3C}.Release|x64.Build.0 = Release|Any CPU
		{FE11169A-07D0-461A-A22B-AFFF0272CA3C}.Release|x86.ActiveCfg = Release|Any CPU
		{FE11169A-07D0-461A-A22B-AFFF0272CA3C}.Release|x86.Build.0 = Release|Any CPU
	EndGlobalSection
	GlobalSection(SolutionProperties) = preSolution
		HideSolutionNode = FALSE
	EndGlobalSection
EndGlobal
