
Microsoft Visual Studio Solution File, Format Version 12.00
# Visual Studio Version 17
VisualStudioVersion = 17.5.33516.290
MinimumVisualStudioVersion = 10.0.40219.1
Project("{9A19103F-16F7-4668-BE54-9A1E7A4F7556}") = "FractalGPT.SharpGPTLib", "FractalGPT.SharpGPTLib\FractalGPT.SharpGPTLib.csproj", "{FC4436FF-FBEE-49C8-B53A-EB13E2346DD8}"
EndProject
Project("{FAE04EC0-301F-11D3-BF4B-00C04F79EFBC}") = "ConsoleTests", "ConsoleTests\ConsoleTests.csproj", "{4ADAD87E-A3BD-48C6-9CBC-AA776241AE41}"
EndProject
Project("{FAE04EC0-301F-11D3-BF4B-00C04F79EFBC}") = "FractalGPT.SharpGPTLib.Tests", "tests\FractalGPT.SharpGPTLib.Tests\FractalGPT.SharpGPTLib.Tests.csproj", "{DE3140A6-51EB-4999-A1F2-8DF141384D95}"
EndProject
Global
	GlobalSection(SolutionConfigurationPlatforms) = preSolution
		Debug|Any CPU = Debug|Any CPU
		Release|Any CPU = Release|Any CPU
	EndGlobalSection
	GlobalSection(ProjectConfigurationPlatforms) = postSolution
		{FC4436FF-FBEE-49C8-B53A-EB13E2346DD8}.Debug|Any CPU.ActiveCfg = Debug|Any CPU
		{FC4436FF-FBEE-49C8-B53A-EB13E2346DD8}.Debug|Any CPU.Build.0 = Debug|Any CPU
		{FC4436FF-FBEE-49C8-B53A-EB13E2346DD8}.Release|Any CPU.ActiveCfg = Release|Any CPU
		{FC4436FF-FBEE-49C8-B53A-EB13E2346DD8}.Release|Any CPU.Build.0 = Release|Any CPU
		{4ADAD87E-A3BD-48C6-9CBC-AA776241AE41}.Debug|Any CPU.ActiveCfg = Debug|Any CPU
		{4ADAD87E-A3BD-48C6-9CBC-AA776241AE41}.Debug|Any CPU.Build.0 = Debug|Any CPU
		{4ADAD87E-A3BD-48C6-9CBC-AA776241AE41}.Release|Any CPU.ActiveCfg = Release|Any CPU
		{4ADAD87E-A3BD-48C6-9CBC-AA776241AE41}.Release|Any CPU.Build.0 = Release|Any CPU
		{DE3140A6-51EB-4999-A1F2-8DF141384D95}.Debug|Any CPU.ActiveCfg = Debug|Any CPU
		{DE3140A6-51EB-4999-A1F2-8DF141384D95}.Debug|Any CPU.Build.0 = Debug|Any CPU
		{DE3140A6-51EB-4999-A1F2-8DF141384D95}.Release|Any CPU.ActiveCfg = Release|Any CPU
		{DE3140A6-51EB-4999-A1F2-8DF141384D95}.Release|Any CPU.Build.0 = Release|Any CPU
	EndGlobalSection
	GlobalSection(SolutionProperties) = preSolution
		HideSolutionNode = FALSE
	EndGlobalSection
	GlobalSection(ExtensibilityGlobals) = postSolution
		SolutionGuid = {47DB6DF4-872E-4861-9E6A-5145734A6934}
	EndGlobalSection
EndGlobal
